
Microsoft Visual Studio Solution File, Format Version 12.00
# Visual Studio Version 17
VisualStudioVersion = 17.10.35027.167
MinimumVisualStudioVersion = 10.0.40219.1
Project("{FAE04EC0-301F-11D3-BF4B-00C04F79EFBC}") = "QLNV", "QLNV\QLNV.csproj", "{6DBF5975-BE9E-4D06-BA50-5AF38911C3A7}"
EndProject
Global
	GlobalSection(SolutionConfigurationPlatforms) = preSolution
		Debug|Any CPU = Debug|Any CPU
		Release|Any CPU = Release|Any CPU
	EndGlobalSection
	GlobalSection(ProjectConfigurationPlatforms) = postSolution
		{6DBF5975-BE9E-4D06-BA50-5AF38911C3A7}.Debug|Any CPU.ActiveCfg = Debug|Any CPU
		{6DBF5975-BE9E-4D06-BA50-5AF38911C3A7}.Debug|Any CPU.Build.0 = Debug|Any CPU
		{6DBF5975-BE9E-4D06-BA50-5AF38911C3A7}.Release|Any CPU.ActiveCfg = Release|Any CPU
		{6DBF5975-BE9E-4D06-BA50-5AF38911C3A7}.Release|Any CPU.Build.0 = Release|Any CPU
	EndGlobalSection
	GlobalSection(SolutionProperties) = preSolution
		HideSolutionNode = FALSE
	EndGlobalSection
	GlobalSection(ExtensibilityGlobals) = postSolution
		SolutionGuid = {DD020623-6541-41E3-BDCC-78B72E24B4B4}
	EndGlobalSection
EndGlobal
